// !$*UTF8*$!
{
	archiveVersion = 1;
	classes = {
	};
	objectVersion = 50;
	objects = {

/* Begin PBXBuildFile section */
		A72F8C5F20BF1732003E6F90 /* AppDelegate.swift in Sources */ = {isa = PBXBuildFile; fileRef = A72F8C5E20BF1732003E6F90 /* AppDelegate.swift */; };
		A72F8C6120BF1732003E6F90 /* ViewController.swift in Sources */ = {isa = PBXBuildFile; fileRef = A72F8C6020BF1732003E6F90 /* ViewController.swift */; };
		A72F8C6620BF1736003E6F90 /* Assets.xcassets in Resources */ = {isa = PBXBuildFile; fileRef = A72F8C6520BF1736003E6F90 /* Assets.xcassets */; };
		A72F8C6920BF1736003E6F90 /* LaunchScreen.storyboard in Resources */ = {isa = PBXBuildFile; fileRef = A72F8C6720BF1736003E6F90 /* LaunchScreen.storyboard */; };
		BAD6489B20BF3DA4003B2E9A /* SearchViewController.swift in Sources */ = {isa = PBXBuildFile; fileRef = BAD6489A20BF3DA4003B2E9A /* SearchViewController.swift */; };
		BAD6489D20BF3E35003B2E9A /* AddCityViewController.swift in Sources */ = {isa = PBXBuildFile; fileRef = BAD6489C20BF3E35003B2E9A /* AddCityViewController.swift */; };
		BAD6489F20BF420B003B2E9A /* SettingsViewController.swift in Sources */ = {isa = PBXBuildFile; fileRef = BAD6489E20BF420B003B2E9A /* SettingsViewController.swift */; };
		BAD648A320BF50AB003B2E9A /* Weather.swift in Sources */ = {isa = PBXBuildFile; fileRef = BAD648A220BF50AB003B2E9A /* Weather.swift */; };
		BAD648A520BF50D5003B2E9A /* Methods.swift in Sources */ = {isa = PBXBuildFile; fileRef = BAD648A420BF50D5003B2E9A /* Methods.swift */; };
		BAD648A720BF510D003B2E9A /* ReadingMethods.swift in Sources */ = {isa = PBXBuildFile; fileRef = BAD648A620BF510D003B2E9A /* ReadingMethods.swift */; };
		BAD648A920BF54ED003B2E9A /* DayCell.swift in Sources */ = {isa = PBXBuildFile; fileRef = BAD648A820BF54ED003B2E9A /* DayCell.swift */; };
		BAD648AB20BF54FC003B2E9A /* HourCell.swift in Sources */ = {isa = PBXBuildFile; fileRef = BAD648AA20BF54FC003B2E9A /* HourCell.swift */; };
		BAD648AD20BF5773003B2E9A /* FavouriteCities.swift in Sources */ = {isa = PBXBuildFile; fileRef = BAD648AC20BF5773003B2E9A /* FavouriteCities.swift */; };
/* End PBXBuildFile section */

/* Begin PBXFileReference section */
		A72F8C5B20BF1731003E6F90 /* NewWeather.app */ = {isa = PBXFileReference; explicitFileType = wrapper.application; includeInIndex = 0; path = NewWeather.app; sourceTree = BUILT_PRODUCTS_DIR; };
		A72F8C5E20BF1732003E6F90 /* AppDelegate.swift */ = {isa = PBXFileReference; lastKnownFileType = sourcecode.swift; path = AppDelegate.swift; sourceTree = "<group>"; };
		A72F8C6020BF1732003E6F90 /* ViewController.swift */ = {isa = PBXFileReference; lastKnownFileType = sourcecode.swift; path = ViewController.swift; sourceTree = "<group>"; };
		A72F8C6520BF1736003E6F90 /* Assets.xcassets */ = {isa = PBXFileReference; lastKnownFileType = folder.assetcatalog; path = Assets.xcassets; sourceTree = "<group>"; };
		A72F8C6820BF1736003E6F90 /* Base */ = {isa = PBXFileReference; lastKnownFileType = file.storyboard; name = Base; path = Base.lproj/LaunchScreen.storyboard; sourceTree = "<group>"; };
		A72F8C6A20BF1736003E6F90 /* Info.plist */ = {isa = PBXFileReference; lastKnownFileType = text.plist.xml; path = Info.plist; sourceTree = "<group>"; };
		BAD6489A20BF3DA4003B2E9A /* SearchViewController.swift */ = {isa = PBXFileReference; lastKnownFileType = sourcecode.swift; path = SearchViewController.swift; sourceTree = "<group>"; };
		BAD6489C20BF3E35003B2E9A /* AddCityViewController.swift */ = {isa = PBXFileReference; lastKnownFileType = sourcecode.swift; path = AddCityViewController.swift; sourceTree = "<group>"; };
		BAD6489E20BF420B003B2E9A /* SettingsViewController.swift */ = {isa = PBXFileReference; lastKnownFileType = sourcecode.swift; path = SettingsViewController.swift; sourceTree = "<group>"; };
		BAD648A220BF50AB003B2E9A /* Weather.swift */ = {isa = PBXFileReference; lastKnownFileType = sourcecode.swift; path = Weather.swift; sourceTree = "<group>"; };
		BAD648A420BF50D5003B2E9A /* Methods.swift */ = {isa = PBXFileReference; lastKnownFileType = sourcecode.swift; path = Methods.swift; sourceTree = "<group>"; };
		BAD648A620BF510D003B2E9A /* ReadingMethods.swift */ = {isa = PBXFileReference; lastKnownFileType = sourcecode.swift; path = ReadingMethods.swift; sourceTree = "<group>"; };
		BAD648A820BF54ED003B2E9A /* DayCell.swift */ = {isa = PBXFileReference; lastKnownFileType = sourcecode.swift; path = DayCell.swift; sourceTree = "<group>"; };
		BAD648AA20BF54FC003B2E9A /* HourCell.swift */ = {isa = PBXFileReference; lastKnownFileType = sourcecode.swift; path = HourCell.swift; sourceTree = "<group>"; };
		BAD648AC20BF5773003B2E9A /* FavouriteCities.swift */ = {isa = PBXFileReference; lastKnownFileType = sourcecode.swift; path = FavouriteCities.swift; sourceTree = "<group>"; };
/* End PBXFileReference section */

/* Begin PBXFrameworksBuildPhase section */
		A72F8C5820BF1731003E6F90 /* Frameworks */ = {
			isa = PBXFrameworksBuildPhase;
			buildActionMask = 2147483647;
			files = (
			);
			runOnlyForDeploymentPostprocessing = 0;
		};
/* End PBXFrameworksBuildPhase section */

/* Begin PBXGroup section */
		A72F8C5220BF1731003E6F90 = {
			isa = PBXGroup;
			children = (
				A72F8C5D20BF1732003E6F90 /* NewWeather */,
				A72F8C5C20BF1731003E6F90 /* Products */,
			);
			sourceTree = "<group>";
		};
		A72F8C5C20BF1731003E6F90 /* Products */ = {
			isa = PBXGroup;
			children = (
				A72F8C5B20BF1731003E6F90 /* NewWeather.app */,
			);
			name = Products;
			sourceTree = "<group>";
		};
		A72F8C5D20BF1732003E6F90 /* NewWeather */ = {
			isa = PBXGroup;
			children = (
				A72F8C5E20BF1732003E6F90 /* AppDelegate.swift */,
				A72F8C6020BF1732003E6F90 /* ViewController.swift */,
				A72F8C6520BF1736003E6F90 /* Assets.xcassets */,
				A72F8C6720BF1736003E6F90 /* LaunchScreen.storyboard */,
				A72F8C6A20BF1736003E6F90 /* Info.plist */,
				BAD6489A20BF3DA4003B2E9A /* SearchViewController.swift */,
				BAD6489C20BF3E35003B2E9A /* AddCityViewController.swift */,
				BAD6489E20BF420B003B2E9A /* SettingsViewController.swift */,
				BAD648A220BF50AB003B2E9A /* Weather.swift */,
				BAD648A420BF50D5003B2E9A /* Methods.swift */,
				BAD648A620BF510D003B2E9A /* ReadingMethods.swift */,
				BAD648A820BF54ED003B2E9A /* DayCell.swift */,
				BAD648AA20BF54FC003B2E9A /* HourCell.swift */,
				BAD648AC20BF5773003B2E9A /* FavouriteCities.swift */,
			);
			path = NewWeather;
			sourceTree = "<group>";
		};
/* End PBXGroup section */

/* Begin PBXNativeTarget section */
		A72F8C5A20BF1731003E6F90 /* NewWeather */ = {
			isa = PBXNativeTarget;
			buildConfigurationList = A72F8C6D20BF1736003E6F90 /* Build configuration list for PBXNativeTarget "NewWeather" */;
			buildPhases = (
				A72F8C5720BF1731003E6F90 /* Sources */,
				A72F8C5820BF1731003E6F90 /* Frameworks */,
				A72F8C5920BF1731003E6F90 /* Resources */,
			);
			buildRules = (
			);
			dependencies = (
			);
			name = NewWeather;
			productName = NewWeather;
			productReference = A72F8C5B20BF1731003E6F90 /* NewWeather.app */;
			productType = "com.apple.product-type.application";
		};
/* End PBXNativeTarget section */

/* Begin PBXProject section */
		A72F8C5320BF1731003E6F90 /* Project object */ = {
			isa = PBXProject;
			attributes = {
				LastSwiftUpdateCheck = 0930;
				LastUpgradeCheck = 0930;
				ORGANIZATIONNAME = "Валентина";
				TargetAttributes = {
					A72F8C5A20BF1731003E6F90 = {
						CreatedOnToolsVersion = 9.3.1;
					};
				};
			};
			buildConfigurationList = A72F8C5620BF1731003E6F90 /* Build configuration list for PBXProject "NewWeather" */;
			compatibilityVersion = "Xcode 9.3";
			developmentRegion = en;
			hasScannedForEncodings = 0;
			knownRegions = (
				en,
				Base,
			);
			mainGroup = A72F8C5220BF1731003E6F90;
			productRefGroup = A72F8C5C20BF1731003E6F90 /* Products */;
			projectDirPath = "";
			projectRoot = "";
			targets = (
				A72F8C5A20BF1731003E6F90 /* NewWeather */,
			);
		};
/* End PBXProject section */

/* Begin PBXResourcesBuildPhase section */
		A72F8C5920BF1731003E6F90 /* Resources */ = {
			isa = PBXResourcesBuildPhase;
			buildActionMask = 2147483647;
			files = (
				A72F8C6920BF1736003E6F90 /* LaunchScreen.storyboard in Resources */,
				A72F8C6620BF1736003E6F90 /* Assets.xcassets in Resources */,
			);
			runOnlyForDeploymentPostprocessing = 0;
		};
/* End PBXResourcesBuildPhase section */

/* Begin PBXSourcesBuildPhase section */
		A72F8C5720BF1731003E6F90 /* Sources */ = {
			isa = PBXSourcesBuildPhase;
			buildActionMask = 2147483647;
			files = (
				BAD648A720BF510D003B2E9A /* ReadingMethods.swift in Sources */,
				BAD648AD20BF5773003B2E9A /* FavouriteCities.swift in Sources */,
				BAD648A920BF54ED003B2E9A /* DayCell.swift in Sources */,
				BAD6489B20BF3DA4003B2E9A /* SearchViewController.swift in Sources */,
				A72F8C6120BF1732003E6F90 /* ViewController.swift in Sources */,
				A72F8C5F20BF1732003E6F90 /* AppDelegate.swift in Sources */,
				BAD648A520BF50D5003B2E9A /* Methods.swift in Sources */,
				BAD6489F20BF420B003B2E9A /* SettingsViewController.swift in Sources */,
				BAD6489D20BF3E35003B2E9A /* AddCityViewController.swift in Sources */,
				BAD648A320BF50AB003B2E9A /* Weather.swift in Sources */,
				BAD648AB20BF54FC003B2E9A /* HourCell.swift in Sources */,
			);
			runOnlyForDeploymentPostprocessing = 0;
		};
/* End PBXSourcesBuildPhase section */

/* Begin PBXVariantGroup section */
		A72F8C6720BF1736003E6F90 /* LaunchScreen.storyboard */ = {
			isa = PBXVariantGroup;
			children = (
				A72F8C6820BF1736003E6F90 /* Base */,
			);
			name = LaunchScreen.storyboard;
			sourceTree = "<group>";
		};
/* End PBXVariantGroup section */

/* Begin XCBuildConfiguration section */
		A72F8C6B20BF1736003E6F90 /* Debug */ = {
			isa = XCBuildConfiguration;
			buildSettings = {
				ALWAYS_SEARCH_USER_PATHS = NO;
				CLANG_ANALYZER_NONNULL = YES;
				CLANG_ANALYZER_NUMBER_OBJECT_CONVERSION = YES_AGGRESSIVE;
				CLANG_CXX_LANGUAGE_STANDARD = "gnu++14";
				CLANG_CXX_LIBRARY = "libc++";
				CLANG_ENABLE_MODULES = YES;
				CLANG_ENABLE_OBJC_ARC = YES;
				CLANG_ENABLE_OBJC_WEAK = YES;
				CLANG_WARN_BLOCK_CAPTURE_AUTORELEASING = YES;
				CLANG_WARN_BOOL_CONVERSION = YES;
				CLANG_WARN_COMMA = YES;
				CLANG_WARN_CONSTANT_CONVERSION = YES;
				CLANG_WARN_DEPRECATED_OBJC_IMPLEMENTATIONS = YES;
				CLANG_WARN_DIRECT_OBJC_ISA_USAGE = YES_ERROR;
				CLANG_WARN_DOCUMENTATION_COMMENTS = YES;
				CLANG_WARN_EMPTY_BODY = YES;
				CLANG_WARN_ENUM_CONVERSION = YES;
				CLANG_WARN_INFINITE_RECURSION = YES;
				CLANG_WARN_INT_CONVERSION = YES;
				CLANG_WARN_NON_LITERAL_NULL_CONVERSION = YES;
				CLANG_WARN_OBJC_IMPLICIT_RETAIN_SELF = YES;
				CLANG_WARN_OBJC_LITERAL_CONVERSION = YES;
				CLANG_WARN_OBJC_ROOT_CLASS = YES_ERROR;
				CLANG_WARN_RANGE_LOOP_ANALYSIS = YES;
				CLANG_WARN_STRICT_PROTOTYPES = YES;
				CLANG_WARN_SUSPICIOUS_MOVE = YES;
				CLANG_WARN_UNGUARDED_AVAILABILITY = YES_AGGRESSIVE;
				CLANG_WARN_UNREACHABLE_CODE = YES;
				CLANG_WARN__DUPLICATE_METHOD_MATCH = YES;
				CODE_SIGN_IDENTITY = "iPhone Developer";
				COPY_PHASE_STRIP = NO;
				DEBUG_INFORMATION_FORMAT = dwarf;
				ENABLE_STRICT_OBJC_MSGSEND = YES;
				ENABLE_TESTABILITY = YES;
				GCC_C_LANGUAGE_STANDARD = gnu11;
				GCC_DYNAMIC_NO_PIC = NO;
				GCC_NO_COMMON_BLOCKS = YES;
				GCC_OPTIMIZATION_LEVEL = 0;
				GCC_PREPROCESSOR_DEFINITIONS = (
					"DEBUG=1",
					"$(inherited)",
				);
				GCC_WARN_64_TO_32_BIT_CONVERSION = YES;
				GCC_WARN_ABOUT_RETURN_TYPE = YES_ERROR;
				GCC_WARN_UNDECLARED_SELECTOR = YES;
				GCC_WARN_UNINITIALIZED_AUTOS = YES_AGGRESSIVE;
				GCC_WARN_UNUSED_FUNCTION = YES;
				GCC_WARN_UNUSED_VARIABLE = YES;
				IPHONEOS_DEPLOYMENT_TARGET = 11.3;
				MTL_ENABLE_DEBUG_INFO = YES;
				ONLY_ACTIVE_ARCH = YES;
				SDKROOT = iphoneos;
				SWIFT_ACTIVE_COMPILATION_CONDITIONS = DEBUG;
				SWIFT_OPTIMIZATION_LEVEL = "-Onone";
			};
			name = Debug;
		};
		A72F8C6C20BF1736003E6F90 /* Release */ = {
			isa = XCBuildConfiguration;
			buildSettings = {
				ALWAYS_SEARCH_USER_PATHS = NO;
				CLANG_ANALYZER_NONNULL = YES;
				CLANG_ANALYZER_NUMBER_OBJECT_CONVERSION = YES_AGGRESSIVE;
				CLANG_CXX_LANGUAGE_STANDARD = "gnu++14";
				CLANG_CXX_LIBRARY = "libc++";
				CLANG_ENABLE_MODULES = YES;
				CLANG_ENABLE_OBJC_ARC = YES;
				CLANG_ENABLE_OBJC_WEAK = YES;
				CLANG_WARN_BLOCK_CAPTURE_AUTORELEASING = YES;
				CLANG_WARN_BOOL_CONVERSION = YES;
				CLANG_WARN_COMMA = YES;
				CLANG_WARN_CONSTANT_CONVERSION = YES;
				CLANG_WARN_DEPRECATED_OBJC_IMPLEMENTATIONS = YES;
				CLANG_WARN_DIRECT_OBJC_ISA_USAGE = YES_ERROR;
				CLANG_WARN_DOCUMENTATION_COMMENTS = YES;
				CLANG_WARN_EMPTY_BODY = YES;
				CLANG_WARN_ENUM_CONVERSION = YES;
				CLANG_WARN_INFINITE_RECURSION = YES;
				CLANG_WARN_INT_CONVERSION = YES;
				CLANG_WARN_NON_LITERAL_NULL_CONVERSION = YES;
				CLANG_WARN_OBJC_IMPLICIT_RETAIN_SELF = YES;
				CLANG_WARN_OBJC_LITERAL_CONVERSION = YES;
				CLANG_WARN_OBJC_ROOT_CLASS = YES_ERROR;
				CLANG_WARN_RANGE_LOOP_ANALYSIS = YES;
				CLANG_WARN_STRICT_PROTOTYPES = YES;
				CLANG_WARN_SUSPICIOUS_MOVE = YES;
				CLANG_WARN_UNGUARDED_AVAILABILITY = YES_AGGRESSIVE;
				CLANG_WARN_UNREACHABLE_CODE = YES;
				CLANG_WARN__DUPLICATE_METHOD_MATCH = YES;
				CODE_SIGN_IDENTITY = "iPhone Developer";
				COPY_PHASE_STRIP = NO;
				DEBUG_INFORMATION_FORMAT = "dwarf-with-dsym";
				ENABLE_NS_ASSERTIONS = NO;
				ENABLE_STRICT_OBJC_MSGSEND = YES;
				GCC_C_LANGUAGE_STANDARD = gnu11;
				GCC_NO_COMMON_BLOCKS = YES;
				GCC_WARN_64_TO_32_BIT_CONVERSION = YES;
				GCC_WARN_ABOUT_RETURN_TYPE = YES_ERROR;
				GCC_WARN_UNDECLARED_SELECTOR = YES;
				GCC_WARN_UNINITIALIZED_AUTOS = YES_AGGRESSIVE;
				GCC_WARN_UNUSED_FUNCTION = YES;
				GCC_WARN_UNUSED_VARIABLE = YES;
				IPHONEOS_DEPLOYMENT_TARGET = 11.3;
				MTL_ENABLE_DEBUG_INFO = NO;
				SDKROOT = iphoneos;
				SWIFT_COMPILATION_MODE = wholemodule;
				SWIFT_OPTIMIZATION_LEVEL = "-O";
				VALIDATE_PRODUCT = YES;
			};
			name = Release;
		};
		A72F8C6E20BF1736003E6F90 /* Debug */ = {
			isa = XCBuildConfiguration;
			buildSettings = {
				ASSETCATALOG_COMPILER_APPICON_NAME = AppIcon;
				CODE_SIGN_STYLE = Manual;
				DEVELOPMENT_TEAM = "";
				INFOPLIST_FILE = NewWeather/Info.plist;
				LD_RUNPATH_SEARCH_PATHS = (
					"$(inherited)",
					"@executable_path/Frameworks",
				);
				PRODUCT_BUNDLE_IDENTIFIER = valentina.NewWeather;
				PRODUCT_NAME = "$(TARGET_NAME)";
				PROVISIONING_PROFILE_SPECIFIER = "";
				SWIFT_VERSION = 4.0;
				TARGETED_DEVICE_FAMILY = 1;
			};
			name = Debug;
		};
		A72F8C6F20BF1736003E6F90 /* Release */ = {
			isa = XCBuildConfiguration;
			buildSettings = {
				ASSETCATALOG_COMPILER_APPICON_NAME = AppIcon;
				CODE_SIGN_STYLE = Manual;
				DEVELOPMENT_TEAM = "";
				INFOPLIST_FILE = NewWeather/Info.plist;
				LD_RUNPATH_SEARCH_PATHS = (
					"$(inherited)",
					"@executable_path/Frameworks",
				);
				PRODUCT_BUNDLE_IDENTIFIER = valentina.NewWeather;
				PRODUCT_NAME = "$(TARGET_NAME)";
				PROVISIONING_PROFILE_SPECIFIER = "";
				SWIFT_VERSION = 4.0;
				TARGETED_DEVICE_FAMILY = 1;
			};
			name = Release;
		};
/* End XCBuildConfiguration section */

/* Begin XCConfigurationList section */
		A72F8C5620BF1731003E6F90 /* Build configuration list for PBXProject "NewWeather" */ = {
			isa = XCConfigurationList;
			buildConfigurations = (
				A72F8C6B20BF1736003E6F90 /* Debug */,
				A72F8C6C20BF1736003E6F90 /* Release */,
			);
			defaultConfigurationIsVisible = 0;
			defaultConfigurationName = Release;
		};
		A72F8C6D20BF1736003E6F90 /* Build configuration list for PBXNativeTarget "NewWeather" */ = {
			isa = XCConfigurationList;
			buildConfigurations = (
				A72F8C6E20BF1736003E6F90 /* Debug */,
				A72F8C6F20BF1736003E6F90 /* Release */,
			);
			defaultConfigurationIsVisible = 0;
			defaultConfigurationName = Release;
		};
/* End XCConfigurationList section */
	};
	rootObject = A72F8C5320BF1731003E6F90 /* Project object */;
}
